
Microsoft Visual Studio Solution File, Format Version 12.00
# Visual Studio Version 17
VisualStudioVersion = 17.1.32210.238
MinimumVisualStudioVersion = 10.0.40219.1
Project("{9A19103F-16F7-4668-BE54-9A1E7A4F7556}") = "BrowserGame", "BrowserGame.csproj", "{833D7764-74FB-4527-8579-278711D49F21}"
EndProject
Project("{9A19103F-16F7-4668-BE54-9A1E7A4F7556}") = "BrowserGameTests", "..\BrowserGameTests\BrowserGameTests.csproj", "{910A7090-5D28-4783-A53F-9BF14C32AA81}"
EndProject
Project("{2150E333-8FDC-42A3-9474-1A3956D46DE8}") = "Solution Items", "Solution Items", "{4642A2F9-5F34-409B-B249-A19C645B6722}"
	ProjectSection(SolutionItems) = preProject
		.editorconfig = .editorconfig
	EndProjectSection
EndProject
Global
	GlobalSection(SolutionConfigurationPlatforms) = preSolution
		Debug|Any CPU = Debug|Any CPU
		Release|Any CPU = Release|Any CPU
	EndGlobalSection
	GlobalSection(ProjectConfigurationPlatforms) = postSolution
		{833D7764-74FB-4527-8579-278711D49F21}.Debug|Any CPU.ActiveCfg = Debug|Any CPU
		{833D7764-74FB-4527-8579-278711D49F21}.Debug|Any CPU.Build.0 = Debug|Any CPU
		{833D7764-74FB-4527-8579-278711D49F21}.Release|Any CPU.ActiveCfg = Release|Any CPU
		{833D7764-74FB-4527-8579-278711D49F21}.Release|Any CPU.Build.0 = Release|Any CPU
		{910A7090-5D28-4783-A53F-9BF14C32AA81}.Debug|Any CPU.ActiveCfg = Debug|Any CPU
		{910A7090-5D28-4783-A53F-9BF14C32AA81}.Debug|Any CPU.Build.0 = Debug|Any CPU
		{910A7090-5D28-4783-A53F-9BF14C32AA81}.Release|Any CPU.ActiveCfg = Release|Any CPU
		{910A7090-5D28-4783-A53F-9BF14C32AA81}.Release|Any CPU.Build.0 = Release|Any CPU
	EndGlobalSection
	GlobalSection(SolutionProperties) = preSolution
		HideSolutionNode = FALSE
	EndGlobalSection
	GlobalSection(ExtensibilityGlobals) = postSolution
		SolutionGuid = {A3BDDC8D-11B6-48DB-AB17-4978533F6980}
	EndGlobalSection
EndGlobal
